// !$*UTF8*$!
{
	archiveVersion = 1;
	classes = {
	};
	objectVersion = 50;
	objects = {

/* Begin PBXBuildFile section */
		AC0443F824C7EE8B00E8A506 /* ButtonView.swift in Sources */ = {isa = PBXBuildFile; fileRef = AC0443F724C7EE8B00E8A506 /* ButtonView.swift */; };
		AC37EC4A24C6C985005515DA /* ColorCircle.swift in Sources */ = {isa = PBXBuildFile; fileRef = AC37EC4924C6C985005515DA /* ColorCircle.swift */; };
		AC6BFE1324C6C68700508F07 /* AppDelegate.swift in Sources */ = {isa = PBXBuildFile; fileRef = AC6BFE1224C6C68700508F07 /* AppDelegate.swift */; };
		AC6BFE1524C6C68700508F07 /* SceneDelegate.swift in Sources */ = {isa = PBXBuildFile; fileRef = AC6BFE1424C6C68700508F07 /* SceneDelegate.swift */; };
		AC6BFE1724C6C68700508F07 /* ContentView.swift in Sources */ = {isa = PBXBuildFile; fileRef = AC6BFE1624C6C68700508F07 /* ContentView.swift */; };
		AC6BFE1924C6C68900508F07 /* Assets.xcassets in Resources */ = {isa = PBXBuildFile; fileRef = AC6BFE1824C6C68900508F07 /* Assets.xcassets */; };
		AC6BFE1C24C6C68900508F07 /* Preview Assets.xcassets in Resources */ = {isa = PBXBuildFile; fileRef = AC6BFE1B24C6C68900508F07 /* Preview Assets.xcassets */; };
		AC6BFE1F24C6C68900508F07 /* LaunchScreen.storyboard in Resources */ = {isa = PBXBuildFile; fileRef = AC6BFE1D24C6C68900508F07 /* LaunchScreen.storyboard */; };
/* End PBXBuildFile section */

/* Begin PBXFileReference section */
		AC0443F724C7EE8B00E8A506 /* ButtonView.swift */ = {isa = PBXFileReference; lastKnownFileType = sourcecode.swift; path = ButtonView.swift; sourceTree = "<group>"; };
		AC37EC4924C6C985005515DA /* ColorCircle.swift */ = {isa = PBXFileReference; lastKnownFileType = sourcecode.swift; path = ColorCircle.swift; sourceTree = "<group>"; };
		AC6BFE0F24C6C68700508F07 /* KoshlakovSV_HW3.1.app */ = {isa = PBXFileReference; explicitFileType = wrapper.application; includeInIndex = 0; path = KoshlakovSV_HW3.1.app; sourceTree = BUILT_PRODUCTS_DIR; };
		AC6BFE1224C6C68700508F07 /* AppDelegate.swift */ = {isa = PBXFileReference; lastKnownFileType = sourcecode.swift; path = AppDelegate.swift; sourceTree = "<group>"; };
		AC6BFE1424C6C68700508F07 /* SceneDelegate.swift */ = {isa = PBXFileReference; lastKnownFileType = sourcecode.swift; path = SceneDelegate.swift; sourceTree = "<group>"; };
		AC6BFE1624C6C68700508F07 /* ContentView.swift */ = {isa = PBXFileReference; lastKnownFileType = sourcecode.swift; path = ContentView.swift; sourceTree = "<group>"; };
		AC6BFE1824C6C68900508F07 /* Assets.xcassets */ = {isa = PBXFileReference; lastKnownFileType = folder.assetcatalog; path = Assets.xcassets; sourceTree = "<group>"; };
		AC6BFE1B24C6C68900508F07 /* Preview Assets.xcassets */ = {isa = PBXFileReference; lastKnownFileType = folder.assetcatalog; path = "Preview Assets.xcassets"; sourceTree = "<group>"; };
		AC6BFE1E24C6C68900508F07 /* Base */ = {isa = PBXFileReference; lastKnownFileType = file.storyboard; name = Base; path = Base.lproj/LaunchScreen.storyboard; sourceTree = "<group>"; };
		AC6BFE2024C6C68900508F07 /* Info.plist */ = {isa = PBXFileReference; lastKnownFileType = text.plist.xml; path = Info.plist; sourceTree = "<group>"; };
/* End PBXFileReference section */

/* Begin PBXFrameworksBuildPhase section */
		AC6BFE0C24C6C68700508F07 /* Frameworks */ = {
			isa = PBXFrameworksBuildPhase;
			buildActionMask = 2147483647;
			files = (
			);
			runOnlyForDeploymentPostprocessing = 0;
		};
/* End PBXFrameworksBuildPhase section */

/* Begin PBXGroup section */
		AC6BFE0624C6C68700508F07 = {
			isa = PBXGroup;
			children = (
				AC6BFE1124C6C68700508F07 /* KoshlakovSV_HW3.1 */,
				AC6BFE1024C6C68700508F07 /* Products */,
			);
			sourceTree = "<group>";
		};
		AC6BFE1024C6C68700508F07 /* Products */ = {
			isa = PBXGroup;
			children = (
				AC6BFE0F24C6C68700508F07 /* KoshlakovSV_HW3.1.app */,
			);
			name = Products;
			sourceTree = "<group>";
		};
		AC6BFE1124C6C68700508F07 /* KoshlakovSV_HW3.1 */ = {
			isa = PBXGroup;
			children = (
				AC6BFE1224C6C68700508F07 /* AppDelegate.swift */,
				AC6BFE1424C6C68700508F07 /* SceneDelegate.swift */,
				AC6BFE1624C6C68700508F07 /* ContentView.swift */,
				AC37EC4924C6C985005515DA /* ColorCircle.swift */,
				AC0443F724C7EE8B00E8A506 /* ButtonView.swift */,
				AC6BFE1824C6C68900508F07 /* Assets.xcassets */,
				AC6BFE1D24C6C68900508F07 /* LaunchScreen.storyboard */,
				AC6BFE2024C6C68900508F07 /* Info.plist */,
				AC6BFE1A24C6C68900508F07 /* Preview Content */,
			);
			path = KoshlakovSV_HW3.1;
			sourceTree = "<group>";
		};
		AC6BFE1A24C6C68900508F07 /* Preview Content */ = {
			isa = PBXGroup;
			children = (
				AC6BFE1B24C6C68900508F07 /* Preview Assets.xcassets */,
			);
			path = "Preview Content";
			sourceTree = "<group>";
		};
/* End PBXGroup section */

/* Begin PBXNativeTarget section */
		AC6BFE0E24C6C68700508F07 /* KoshlakovSV_HW3.1 */ = {
			isa = PBXNativeTarget;
			buildConfigurationList = AC6BFE2324C6C68900508F07 /* Build configuration list for PBXNativeTarget "KoshlakovSV_HW3.1" */;
			buildPhases = (
				AC6BFE0B24C6C68700508F07 /* Sources */,
				AC6BFE0C24C6C68700508F07 /* Frameworks */,
				AC6BFE0D24C6C68700508F07 /* Resources */,
			);
			buildRules = (
			);
			dependencies = (
			);
			name = KoshlakovSV_HW3.1;
			productName = KoshlakovSV_HW3.1;
			productReference = AC6BFE0F24C6C68700508F07 /* KoshlakovSV_HW3.1.app */;
			productType = "com.apple.product-type.application";
		};
/* End PBXNativeTarget section */

/* Begin PBXProject section */
		AC6BFE0724C6C68700508F07 /* Project object */ = {
			isa = PBXProject;
			attributes = {
				LastSwiftUpdateCheck = 1150;
				LastUpgradeCheck = 1150;
				ORGANIZATIONNAME = "Koshlakov Sergey";
				TargetAttributes = {
					AC6BFE0E24C6C68700508F07 = {
						CreatedOnToolsVersion = 11.5;
					};
				};
			};
			buildConfigurationList = AC6BFE0A24C6C68700508F07 /* Build configuration list for PBXProject "KoshlakovSV_HW3.1" */;
			compatibilityVersion = "Xcode 9.3";
			developmentRegion = en;
			hasScannedForEncodings = 0;
			knownRegions = (
				en,
				Base,
			);
			mainGroup = AC6BFE0624C6C68700508F07;
			productRefGroup = AC6BFE1024C6C68700508F07 /* Products */;
			projectDirPath = "";
			projectRoot = "";
			targets = (
				AC6BFE0E24C6C68700508F07 /* KoshlakovSV_HW3.1 */,
			);
		};
/* End PBXProject section */

/* Begin PBXResourcesBuildPhase section */
		AC6BFE0D24C6C68700508F07 /* Resources */ = {
			isa = PBXResourcesBuildPhase;
			buildActionMask = 2147483647;
			files = (
				AC6BFE1F24C6C68900508F07 /* LaunchScreen.storyboard in Resources */,
				AC6BFE1C24C6C68900508F07 /* Preview Assets.xcassets in Resources */,
				AC6BFE1924C6C68900508F07 /* Assets.xcassets in Resources */,
			);
			runOnlyForDeploymentPostprocessing = 0;
		};
/* End PBXResourcesBuildPhase section */

/* Begin PBXSourcesBuildPhase section */
		AC6BFE0B24C6C68700508F07 /* Sources */ = {
			isa = PBXSourcesBuildPhase;
			buildActionMask = 2147483647;
			files = (
				AC6BFE1324C6C68700508F07 /* AppDelegate.swift in Sources */,
				AC37EC4A24C6C985005515DA /* ColorCircle.swift in Sources */,
				AC0443F824C7EE8B00E8A506 /* ButtonView.swift in Sources */,
				AC6BFE1524C6C68700508F07 /* SceneDelegate.swift in Sources */,
				AC6BFE1724C6C68700508F07 /* ContentView.swift in Sources */,
			);
			runOnlyForDeploymentPostprocessing = 0;
		};
/* End PBXSourcesBuildPhase section */

/* Begin PBXVariantGroup section */
		AC6BFE1D24C6C68900508F07 /* LaunchScreen.storyboard */ = {
			isa = PBXVariantGroup;
			children = (
				AC6BFE1E24C6C68900508F07 /* Base */,
			);
			name = LaunchScreen.storyboard;
			sourceTree = "<group>";
		};
/* End PBXVariantGroup section */

/* Begin XCBuildConfiguration section */
		AC6BFE2124C6C68900508F07 /* Debug */ = {
			isa = XCBuildConfiguration;
			buildSettings = {
				ALWAYS_SEARCH_USER_PATHS = NO;
				CLANG_ANALYZER_NONNULL = YES;
				CLANG_ANALYZER_NUMBER_OBJECT_CONVERSION = YES_AGGRESSIVE;
				CLANG_CXX_LANGUAGE_STANDARD = "gnu++14";
				CLANG_CXX_LIBRARY = "libc++";
				CLANG_ENABLE_MODULES = YES;
				CLANG_ENABLE_OBJC_ARC = YES;
				CLANG_ENABLE_OBJC_WEAK = YES;
				CLANG_WARN_BLOCK_CAPTURE_AUTORELEASING = YES;
				CLANG_WARN_BOOL_CONVERSION = YES;
				CLANG_WARN_COMMA = YES;
				CLANG_WARN_CONSTANT_CONVERSION = YES;
				CLANG_WARN_DEPRECATED_OBJC_IMPLEMENTATIONS = YES;
				CLANG_WARN_DIRECT_OBJC_ISA_USAGE = YES_ERROR;
				CLANG_WARN_DOCUMENTATION_COMMENTS = YES;
				CLANG_WARN_EMPTY_BODY = YES;
				CLANG_WARN_ENUM_CONVERSION = YES;
				CLANG_WARN_INFINITE_RECURSION = YES;
				CLANG_WARN_INT_CONVERSION = YES;
				CLANG_WARN_NON_LITERAL_NULL_CONVERSION = YES;
				CLANG_WARN_OBJC_IMPLICIT_RETAIN_SELF = YES;
				CLANG_WARN_OBJC_LITERAL_CONVERSION = YES;
				CLANG_WARN_OBJC_ROOT_CLASS = YES_ERROR;
				CLANG_WARN_RANGE_LOOP_ANALYSIS = YES;
				CLANG_WARN_STRICT_PROTOTYPES = YES;
				CLANG_WARN_SUSPICIOUS_MOVE = YES;
				CLANG_WARN_UNGUARDED_AVAILABILITY = YES_AGGRESSIVE;
				CLANG_WARN_UNREACHABLE_CODE = YES;
				CLANG_WARN__DUPLICATE_METHOD_MATCH = YES;
				COPY_PHASE_STRIP = NO;
				DEBUG_INFORMATION_FORMAT = dwarf;
				ENABLE_STRICT_OBJC_MSGSEND = YES;
				ENABLE_TESTABILITY = YES;
				GCC_C_LANGUAGE_STANDARD = gnu11;
				GCC_DYNAMIC_NO_PIC = NO;
				GCC_NO_COMMON_BLOCKS = YES;
				GCC_OPTIMIZATION_LEVEL = 0;
				GCC_PREPROCESSOR_DEFINITIONS = (
					"DEBUG=1",
					"$(inherited)",
				);
				GCC_WARN_64_TO_32_BIT_CONVERSION = YES;
				GCC_WARN_ABOUT_RETURN_TYPE = YES_ERROR;
				GCC_WARN_UNDECLARED_SELECTOR = YES;
				GCC_WARN_UNINITIALIZED_AUTOS = YES_AGGRESSIVE;
				GCC_WARN_UNUSED_FUNCTION = YES;
				GCC_WARN_UNUSED_VARIABLE = YES;
				IPHONEOS_DEPLOYMENT_TARGET = 13.5;
				MTL_ENABLE_DEBUG_INFO = INCLUDE_SOURCE;
				MTL_FAST_MATH = YES;
				ONLY_ACTIVE_ARCH = YES;
				SDKROOT = iphoneos;
				SWIFT_ACTIVE_COMPILATION_CONDITIONS = DEBUG;
				SWIFT_OPTIMIZATION_LEVEL = "-Onone";
			};
			name = Debug;
		};
		AC6BFE2224C6C68900508F07 /* Release */ = {
			isa = XCBuildConfiguration;
			buildSettings = {
				ALWAYS_SEARCH_USER_PATHS = NO;
				CLANG_ANALYZER_NONNULL = YES;
				CLANG_ANALYZER_NUMBER_OBJECT_CONVERSION = YES_AGGRESSIVE;
				CLANG_CXX_LANGUAGE_STANDARD = "gnu++14";
				CLANG_CXX_LIBRARY = "libc++";
				CLANG_ENABLE_MODULES = YES;
				CLANG_ENABLE_OBJC_ARC = YES;
				CLANG_ENABLE_OBJC_WEAK = YES;
				CLANG_WARN_BLOCK_CAPTURE_AUTORELEASING = YES;
				CLANG_WARN_BOOL_CONVERSION = YES;
				CLANG_WARN_COMMA = YES;
				CLANG_WARN_CONSTANT_CONVERSION = YES;
				CLANG_WARN_DEPRECATED_OBJC_IMPLEMENTATIONS = YES;
				CLANG_WARN_DIRECT_OBJC_ISA_USAGE = YES_ERROR;
				CLANG_WARN_DOCUMENTATION_COMMENTS = YES;
				CLANG_WARN_EMPTY_BODY = YES;
				CLANG_WARN_ENUM_CONVERSION = YES;
				CLANG_WARN_INFINITE_RECURSION = YES;
				CLANG_WARN_INT_CONVERSION = YES;
				CLANG_WARN_NON_LITERAL_NULL_CONVERSION = YES;
				CLANG_WARN_OBJC_IMPLICIT_RETAIN_SELF = YES;
				CLANG_WARN_OBJC_LITERAL_CONVERSION = YES;
				CLANG_WARN_OBJC_ROOT_CLASS = YES_ERROR;
				CLANG_WARN_RANGE_LOOP_ANALYSIS = YES;
				CLANG_WARN_STRICT_PROTOTYPES = YES;
				CLANG_WARN_SUSPICIOUS_MOVE = YES;
				CLANG_WARN_UNGUARDED_AVAILABILITY = YES_AGGRESSIVE;
				CLANG_WARN_UNREACHABLE_CODE = YES;
				CLANG_WARN__DUPLICATE_METHOD_MATCH = YES;
				COPY_PHASE_STRIP = NO;
				DEBUG_INFORMATION_FORMAT = "dwarf-with-dsym";
				ENABLE_NS_ASSERTIONS = NO;
				ENABLE_STRICT_OBJC_MSGSEND = YES;
				GCC_C_LANGUAGE_STANDARD = gnu11;
				GCC_NO_COMMON_BLOCKS = YES;
				GCC_WARN_64_TO_32_BIT_CONVERSION = YES;
				GCC_WARN_ABOUT_RETURN_TYPE = YES_ERROR;
				GCC_WARN_UNDECLARED_SELECTOR = YES;
				GCC_WARN_UNINITIALIZED_AUTOS = YES_AGGRESSIVE;
				GCC_WARN_UNUSED_FUNCTION = YES;
				GCC_WARN_UNUSED_VARIABLE = YES;
				IPHONEOS_DEPLOYMENT_TARGET = 13.5;
				MTL_ENABLE_DEBUG_INFO = NO;
				MTL_FAST_MATH = YES;
				SDKROOT = iphoneos;
				SWIFT_COMPILATION_MODE = wholemodule;
				SWIFT_OPTIMIZATION_LEVEL = "-O";
				VALIDATE_PRODUCT = YES;
			};
			name = Release;
		};
		AC6BFE2424C6C68900508F07 /* Debug */ = {
			isa = XCBuildConfiguration;
			buildSettings = {
				ASSETCATALOG_COMPILER_APPICON_NAME = AppIcon;
				CODE_SIGN_STYLE = Automatic;
				DEVELOPMENT_ASSET_PATHS = "\"KoshlakovSV_HW3.1/Preview Content\"";
				ENABLE_PREVIEWS = YES;
				INFOPLIST_FILE = KoshlakovSV_HW3.1/Info.plist;
				LD_RUNPATH_SEARCH_PATHS = (
					"$(inherited)",
					"@executable_path/Frameworks",
				);
				PRODUCT_BUNDLE_IDENTIFIER = "dc.KoshlakovSV-HW3-1";
				PRODUCT_NAME = "$(TARGET_NAME)";
				SWIFT_VERSION = 5.0;
				TARGETED_DEVICE_FAMILY = "1,2";
			};
			name = Debug;
		};
		AC6BFE2524C6C68900508F07 /* Release */ = {
			isa = XCBuildConfiguration;
			buildSettings = {
				ASSETCATALOG_COMPILER_APPICON_NAME = AppIcon;
				CODE_SIGN_STYLE = Automatic;
				DEVELOPMENT_ASSET_PATHS = "\"KoshlakovSV_HW3.1/Preview Content\"";
				ENABLE_PREVIEWS = YES;
				INFOPLIST_FILE = KoshlakovSV_HW3.1/Info.plist;
				LD_RUNPATH_SEARCH_PATHS = (
					"$(inherited)",
					"@executable_path/Frameworks",
				);
				PRODUCT_BUNDLE_IDENTIFIER = "dc.KoshlakovSV-HW3-1";
				PRODUCT_NAME = "$(TARGET_NAME)";
				SWIFT_VERSION = 5.0;
				TARGETED_DEVICE_FAMILY = "1,2";
			};
			name = Release;
		};
/* End XCBuildConfiguration section */

/* Begin XCConfigurationList section */
		AC6BFE0A24C6C68700508F07 /* Build configuration list for PBXProject "KoshlakovSV_HW3.1" */ = {
			isa = XCConfigurationList;
			buildConfigurations = (
				AC6BFE2124C6C68900508F07 /* Debug */,
				AC6BFE2224C6C68900508F07 /* Release */,
			);
			defaultConfigurationIsVisible = 0;
			defaultConfigurationName = Release;
		};
		AC6BFE2324C6C68900508F07 /* Build configuration list for PBXNativeTarget "KoshlakovSV_HW3.1" */ = {
			isa = XCConfigurationList;
			buildConfigurations = (
				AC6BFE2424C6C68900508F07 /* Debug */,
				AC6BFE2524C6C68900508F07 /* Release */,
			);
			defaultConfigurationIsVisible = 0;
			defaultConfigurationName = Release;
		};
/* End XCConfigurationList section */
	};
	rootObject = AC6BFE0724C6C68700508F07 /* Project object */;
}
